
Microsoft Visual Studio Solution File, Format Version 12.00
# Visual Studio Version 17
VisualStudioVersion = 17.5.33516.290
MinimumVisualStudioVersion = 10.0.40219.1
Project("{FAE04EC0-301F-11D3-BF4B-00C04F79EFBC}") = "UniReg", "Proyecto UniReg\UniReg.csproj", "{348F9874-3AAF-462F-88A1-2109D97BD55B}"
EndProject
Project("{FAE04EC0-301F-11D3-BF4B-00C04F79EFBC}") = "Servicios", "Imprimir\Servicios.csproj", "{02554825-6C67-452B-B36D-0356FDEBDF49}"
EndProject
Project("{FAE04EC0-301F-11D3-BF4B-00C04F79EFBC}") = "Datos", "Datos\Datos.csproj", "{5225A5FF-2459-40BB-A5CC-95165D85D8C8}"
EndProject
Global
	GlobalSection(SolutionConfigurationPlatforms) = preSolution
		Debug|Any CPU = Debug|Any CPU
		Release|Any CPU = Release|Any CPU
	EndGlobalSection
	GlobalSection(ProjectConfigurationPlatforms) = postSolution
		{348F9874-3AAF-462F-88A1-2109D97BD55B}.Debug|Any CPU.ActiveCfg = Debug|Any CPU
		{348F9874-3AAF-462F-88A1-2109D97BD55B}.Debug|Any CPU.Build.0 = Debug|Any CPU
		{348F9874-3AAF-462F-88A1-2109D97BD55B}.Release|Any CPU.ActiveCfg = Release|Any CPU
		{348F9874-3AAF-462F-88A1-2109D97BD55B}.Release|Any CPU.Build.0 = Release|Any CPU
		{02554825-6C67-452B-B36D-0356FDEBDF49}.Debug|Any CPU.ActiveCfg = Debug|Any CPU
		{02554825-6C67-452B-B36D-0356FDEBDF49}.Debug|Any CPU.Build.0 = Debug|Any CPU
		{02554825-6C67-452B-B36D-0356FDEBDF49}.Release|Any CPU.ActiveCfg = Release|Any CPU
		{02554825-6C67-452B-B36D-0356FDEBDF49}.Release|Any CPU.Build.0 = Release|Any CPU
		{5225A5FF-2459-40BB-A5CC-95165D85D8C8}.Debug|Any CPU.ActiveCfg = Debug|Any CPU
		{5225A5FF-2459-40BB-A5CC-95165D85D8C8}.Debug|Any CPU.Build.0 = Debug|Any CPU
		{5225A5FF-2459-40BB-A5CC-95165D85D8C8}.Release|Any CPU.ActiveCfg = Release|Any CPU
		{5225A5FF-2459-40BB-A5CC-95165D85D8C8}.Release|Any CPU.Build.0 = Release|Any CPU
	EndGlobalSection
	GlobalSection(SolutionProperties) = preSolution
		HideSolutionNode = FALSE
	EndGlobalSection
	GlobalSection(ExtensibilityGlobals) = postSolution
		SolutionGuid = {4F16F940-5199-4604-A784-FFE82514E04A}
	EndGlobalSection
EndGlobal
